Microsoft Visual Studio Solution File, Format Version 12.00
# Visual Studio Version 17
VisualStudioVersion = 17.5.2.0
MinimumVisualStudioVersion = 10.0.40219.1
Project("{FAE04EC0-301F-11D3-BF4B-00C04F79EFBC}") = "RemoteeBackend", "RemoteeBackend.csproj", "{A1769874-BE8A-9682-FAC0-9C556352A812}"
EndProject
Global
	GlobalSection(SolutionConfigurationPlatforms) = preSolution
		Debug|Any CPU = Debug|Any CPU
		Release|Any CPU = Release|Any CPU
	EndGlobalSection
	GlobalSection(ProjectConfigurationPlatforms) = postSolution
		{A1769874-BE8A-9682-FAC0-9C556352A812}.Debug|Any CPU.ActiveCfg = Debug|Any CPU
		{A1769874-BE8A-9682-FAC0-9C556352A812}.Debug|Any CPU.Build.0 = Debug|Any CPU
		{A1769874-BE8A-9682-FAC0-9C556352A812}.Release|Any CPU.ActiveCfg = Release|Any CPU
		{A1769874-BE8A-9682-FAC0-9C556352A812}.Release|Any CPU.Build.0 = Release|Any CPU
	EndGlobalSection
	GlobalSection(SolutionProperties) = preSolution
		HideSolutionNode = FALSE
	EndGlobalSection
	GlobalSection(ExtensibilityGlobals) = postSolution
		SolutionGuid = {A0C39B9E-F7FB-493A-8B4A-1888ED1FA89E}
	EndGlobalSection
EndGlobal
